
Microsoft Visual Studio Solution File, Format Version 12.00
# Visual Studio Version 16
VisualStudioVersion = 16.0.31729.503
MinimumVisualStudioVersion = 10.0.40219.1
Project("{9A19103F-16F7-4668-BE54-9A1E7A4F7556}") = "CalculatorAssignment", "CalculatorAssignment\CalculatorAssignment.csproj", "{F9953B91-5576-4CE9-9BB4-32D17F23EA10}"
EndProject
Project("{FAE04EC0-301F-11D3-BF4B-00C04F79EFBC}") = "calculator_test", "calculator_test\calculator_test.csproj", "{EEE50ED6-526F-4EB1-9516-44F16D26C39C}"
EndProject
Global
	GlobalSection(SolutionConfigurationPlatforms) = preSolution
		Debug|Any CPU = Debug|Any CPU
		Release|Any CPU = Release|Any CPU
	EndGlobalSection
	GlobalSection(ProjectConfigurationPlatforms) = postSolution
		{F9953B91-5576-4CE9-9BB4-32D17F23EA10}.Debug|Any CPU.ActiveCfg = Debug|Any CPU
		{F9953B91-5576-4CE9-9BB4-32D17F23EA10}.Debug|Any CPU.Build.0 = Debug|Any CPU
		{F9953B91-5576-4CE9-9BB4-32D17F23EA10}.Release|Any CPU.ActiveCfg = Release|Any CPU
		{F9953B91-5576-4CE9-9BB4-32D17F23EA10}.Release|Any CPU.Build.0 = Release|Any CPU
		{EEE50ED6-526F-4EB1-9516-44F16D26C39C}.Debug|Any CPU.ActiveCfg = Debug|Any CPU
		{EEE50ED6-526F-4EB1-9516-44F16D26C39C}.Debug|Any CPU.Build.0 = Debug|Any CPU
		{EEE50ED6-526F-4EB1-9516-44F16D26C39C}.Release|Any CPU.ActiveCfg = Release|Any CPU
		{EEE50ED6-526F-4EB1-9516-44F16D26C39C}.Release|Any CPU.Build.0 = Release|Any CPU
	EndGlobalSection
	GlobalSection(SolutionProperties) = preSolution
		HideSolutionNode = FALSE
	EndGlobalSection
	GlobalSection(ExtensibilityGlobals) = postSolution
		SolutionGuid = {6AC6AC84-C421-446C-BEEF-B4F9DD7CBCFD}
	EndGlobalSection
EndGlobal
